// !$*UTF8*$!
{
	archiveVersion = 1;
	classes = {
	};
	objectVersion = 48;
	objects = {

/* Begin PBXBuildFile section */
		5E01FC501EED9ACC009DFE6C /* AppDelegate.swift in Sources */ = {isa = PBXBuildFile; fileRef = 5E01FC4F1EED9ACC009DFE6C /* AppDelegate.swift */; };
		5E01FC521EED9ACC009DFE6C /* ViewController.swift in Sources */ = {isa = PBXBuildFile; fileRef = 5E01FC511EED9ACC009DFE6C /* ViewController.swift */; };
		5E01FC551EED9ACC009DFE6C /* Main.storyboard in Resources */ = {isa = PBXBuildFile; fileRef = 5E01FC531EED9ACC009DFE6C /* Main.storyboard */; };
		5E01FC571EED9ACC009DFE6C /* Assets.xcassets in Resources */ = {isa = PBXBuildFile; fileRef = 5E01FC561EED9ACC009DFE6C /* Assets.xcassets */; };
		5E01FC5A1EED9ACC009DFE6C /* LaunchScreen.storyboard in Resources */ = {isa = PBXBuildFile; fileRef = 5E01FC581EED9ACC009DFE6C /* LaunchScreen.storyboard */; };
/* End PBXBuildFile section */

/* Begin PBXFileReference section */
		5E01FC4C1EED9ACC009DFE6C /* VisionAPISample.app */ = {isa = PBXFileReference; explicitFileType = wrapper.application; includeInIndex = 0; path = VisionAPISample.app; sourceTree = BUILT_PRODUCTS_DIR; };
		5E01FC4F1EED9ACC009DFE6C /* AppDelegate.swift */ = {isa = PBXFileReference; lastKnownFileType = sourcecode.swift; path = AppDelegate.swift; sourceTree = "<group>"; };
		5E01FC511EED9ACC009DFE6C /* ViewController.swift */ = {isa = PBXFileReference; lastKnownFileType = sourcecode.swift; path = ViewController.swift; sourceTree = "<group>"; };
		5E01FC541EED9ACC009DFE6C /* Base */ = {isa = PBXFileReference; lastKnownFileType = file.storyboard; name = Base; path = Base.lproj/Main.storyboard; sourceTree = "<group>"; };
		5E01FC561EED9ACC009DFE6C /* Assets.xcassets */ = {isa = PBXFileReference; lastKnownFileType = folder.assetcatalog; path = Assets.xcassets; sourceTree = "<group>"; };
		5E01FC591EED9ACC009DFE6C /* Base */ = {isa = PBXFileReference; lastKnownFileType = file.storyboard; name = Base; path = Base.lproj/LaunchScreen.storyboard; sourceTree = "<group>"; };
		5E01FC5B1EED9ACC009DFE6C /* Info.plist */ = {isa = PBXFileReference; lastKnownFileType = text.plist.xml; path = Info.plist; sourceTree = "<group>"; };
/* End PBXFileReference section */

/* Begin PBXFrameworksBuildPhase section */
		5E01FC491EED9ACC009DFE6C /* Frameworks */ = {
			isa = PBXFrameworksBuildPhase;
			buildActionMask = 2147483647;
			files = (
			);
			runOnlyForDeploymentPostprocessing = 0;
		};
/* End PBXFrameworksBuildPhase section */

/* Begin PBXGroup section */
		5E01FC431EED9ACC009DFE6C = {
			isa = PBXGroup;
			children = (
				5E01FC4E1EED9ACC009DFE6C /* VisionAPISample */,
				5E01FC4D1EED9ACC009DFE6C /* Products */,
			);
			sourceTree = "<group>";
		};
		5E01FC4D1EED9ACC009DFE6C /* Products */ = {
			isa = PBXGroup;
			children = (
				5E01FC4C1EED9ACC009DFE6C /* VisionAPISample.app */,
			);
			name = Products;
			sourceTree = "<group>";
		};
		5E01FC4E1EED9ACC009DFE6C /* VisionAPISample */ = {
			isa = PBXGroup;
			children = (
				5E01FC4F1EED9ACC009DFE6C /* AppDelegate.swift */,
				5E01FC511EED9ACC009DFE6C /* ViewController.swift */,
				5E01FC531EED9ACC009DFE6C /* Main.storyboard */,
				5E01FC561EED9ACC009DFE6C /* Assets.xcassets */,
				5E01FC581EED9ACC009DFE6C /* LaunchScreen.storyboard */,
				5E01FC5B1EED9ACC009DFE6C /* Info.plist */,
			);
			path = VisionAPISample;
			sourceTree = "<group>";
		};
/* End PBXGroup section */

/* Begin PBXNativeTarget section */
		5E01FC4B1EED9ACC009DFE6C /* VisionAPISample */ = {
			isa = PBXNativeTarget;
			buildConfigurationList = 5E01FC5E1EED9ACC009DFE6C /* Build configuration list for PBXNativeTarget "VisionAPISample" */;
			buildPhases = (
				5E01FC481EED9ACC009DFE6C /* Sources */,
				5E01FC491EED9ACC009DFE6C /* Frameworks */,
				5E01FC4A1EED9ACC009DFE6C /* Resources */,
			);
			buildRules = (
			);
			dependencies = (
			);
			name = VisionAPISample;
			productName = VisionAPISample;
			productReference = 5E01FC4C1EED9ACC009DFE6C /* VisionAPISample.app */;
			productType = "com.apple.product-type.application";
		};
/* End PBXNativeTarget section */

/* Begin PBXProject section */
		5E01FC441EED9ACC009DFE6C /* Project object */ = {
			isa = PBXProject;
			attributes = {
				LastSwiftUpdateCheck = 0900;
				LastUpgradeCheck = 0900;
				ORGANIZATIONNAME = kenmaz.net;
				TargetAttributes = {
					5E01FC4B1EED9ACC009DFE6C = {
						CreatedOnToolsVersion = 9.0;
					};
				};
			};
			buildConfigurationList = 5E01FC471EED9ACC009DFE6C /* Build configuration list for PBXProject "VisionAPISample" */;
			compatibilityVersion = "Xcode 8.0";
			developmentRegion = en;
			hasScannedForEncodings = 0;
			knownRegions = (
				en,
				Base,
			);
			mainGroup = 5E01FC431EED9ACC009DFE6C;
			productRefGroup = 5E01FC4D1EED9ACC009DFE6C /* Products */;
			projectDirPath = "";
			projectRoot = "";
			targets = (
				5E01FC4B1EED9ACC009DFE6C /* VisionAPISample */,
			);
		};
/* End PBXProject section */

/* Begin PBXResourcesBuildPhase section */
		5E01FC4A1EED9ACC009DFE6C /* Resources */ = {
			isa = PBXResourcesBuildPhase;
			buildActionMask = 2147483647;
			files = (
				5E01FC5A1EED9ACC009DFE6C /* LaunchScreen.storyboard in Resources */,
				5E01FC571EED9ACC009DFE6C /* Assets.xcassets in Resources */,
				5E01FC551EED9ACC009DFE6C /* Main.storyboard in Resources */,
			);
			runOnlyForDeploymentPostprocessing = 0;
		};
/* End PBXResourcesBuildPhase section */

/* Begin PBXSourcesBuildPhase section */
		5E01FC481EED9ACC009DFE6C /* Sources */ = {
			isa = PBXSourcesBuildPhase;
			buildActionMask = 2147483647;
			files = (
				5E01FC521EED9ACC009DFE6C /* ViewController.swift in Sources */,
				5E01FC501EED9ACC009DFE6C /* AppDelegate.swift in Sources */,
			);
			runOnlyForDeploymentPostprocessing = 0;
		};
/* End PBXSourcesBuildPhase section */

/* Begin PBXVariantGroup section */
		5E01FC531EED9ACC009DFE6C /* Main.storyboard */ = {
			isa = PBXVariantGroup;
			children = (
				5E01FC541EED9ACC009DFE6C /* Base */,
			);
			name = Main.storyboard;
			sourceTree = "<group>";
		};
		5E01FC581EED9ACC009DFE6C /* LaunchScreen.storyboard */ = {
			isa = PBXVariantGroup;
			children = (
				5E01FC591EED9ACC009DFE6C /* Base */,
			);
			name = LaunchScreen.storyboard;
			sourceTree = "<group>";
		};
/* End PBXVariantGroup section */

/* Begin XCBuildConfiguration section */
		5E01FC5C1EED9ACC009DFE6C /* Debug */ = {
			isa = XCBuildConfiguration;
			buildSettings = {
				ALWAYS_SEARCH_USER_PATHS = NO;
				CLANG_ANALYZER_NONNULL = YES;
				CLANG_ANALYZER_NUMBER_OBJECT_CONVERSION = YES_AGGRESSIVE;
				CLANG_CXX_LANGUAGE_STANDARD = "gnu++14";
				CLANG_CXX_LIBRARY = "libc++";
				CLANG_ENABLE_MODULES = YES;
				CLANG_ENABLE_OBJC_ARC = YES;
				CLANG_WARN_BLOCK_CAPTURE_AUTORELEASING = YES;
				CLANG_WARN_BOOL_CONVERSION = YES;
				CLANG_WARN_COMMA = YES;
				CLANG_WARN_CONSTANT_CONVERSION = YES;
				CLANG_WARN_DIRECT_OBJC_ISA_USAGE = YES_ERROR;
				CLANG_WARN_DOCUMENTATION_COMMENTS = YES;
				CLANG_WARN_EMPTY_BODY = YES;
				CLANG_WARN_ENUM_CONVERSION = YES;
				CLANG_WARN_INFINITE_RECURSION = YES;
				CLANG_WARN_INT_CONVERSION = YES;
				CLANG_WARN_OBJC_ROOT_CLASS = YES_ERROR;
				CLANG_WARN_RANGE_LOOP_ANALYSIS = YES;
				CLANG_WARN_STRICT_PROTOTYPES = YES;
				CLANG_WARN_SUSPICIOUS_MOVE = YES;
				CLANG_WARN_UNGUARDED_AVAILABILITY = YES_AGGRESSIVE;
				CLANG_WARN_UNREACHABLE_CODE = YES;
				CLANG_WARN__DUPLICATE_METHOD_MATCH = YES;
				CODE_SIGN_IDENTITY = "iPhone Developer";
				COPY_PHASE_STRIP = NO;
				DEBUG_INFORMATION_FORMAT = dwarf;
				ENABLE_STRICT_OBJC_MSGSEND = YES;
				ENABLE_TESTABILITY = YES;
				GCC_C_LANGUAGE_STANDARD = gnu11;
				GCC_DYNAMIC_NO_PIC = NO;
				GCC_NO_COMMON_BLOCKS = YES;
				GCC_OPTIMIZATION_LEVEL = 0;
				GCC_PREPROCESSOR_DEFINITIONS = (
					"DEBUG=1",
					"$(inherited)",
				);
				GCC_WARN_64_TO_32_BIT_CONVERSION = YES;
				GCC_WARN_ABOUT_RETURN_TYPE = YES_ERROR;
				GCC_WARN_UNDECLARED_SELECTOR = YES;
				GCC_WARN_UNINITIALIZED_AUTOS = YES_AGGRESSIVE;
				GCC_WARN_UNUSED_FUNCTION = YES;
				GCC_WARN_UNUSED_VARIABLE = YES;
				IPHONEOS_DEPLOYMENT_TARGET = 11.0;
				MTL_ENABLE_DEBUG_INFO = YES;
				ONLY_ACTIVE_ARCH = YES;
				SDKROOT = iphoneos;
				SWIFT_ACTIVE_COMPILATION_CONDITIONS = DEBUG;
				SWIFT_OPTIMIZATION_LEVEL = "-Onone";
			};
			name = Debug;
		};
		5E01FC5D1EED9ACC009DFE6C /* Release */ = {
			isa = XCBuildConfiguration;
			buildSettings = {
				ALWAYS_SEARCH_USER_PATHS = NO;
				CLANG_ANALYZER_NONNULL = YES;
				CLANG_ANALYZER_NUMBER_OBJECT_CONVERSION = YES_AGGRESSIVE;
				CLANG_CXX_LANGUAGE_STANDARD = "gnu++14";
				CLANG_CXX_LIBRARY = "libc++";
				CLANG_ENABLE_MODULES = YES;
				CLANG_ENABLE_OBJC_ARC = YES;
				CLANG_WARN_BLOCK_CAPTURE_AUTORELEASING = YES;
				CLANG_WARN_BOOL_CONVERSION = YES;
				CLANG_WARN_COMMA = YES;
				CLANG_WARN_CONSTANT_CONVERSION = YES;
				CLANG_WARN_DIRECT_OBJC_ISA_USAGE = YES_ERROR;
				CLANG_WARN_DOCUMENTATION_COMMENTS = YES;
				CLANG_WARN_EMPTY_BODY = YES;
				CLANG_WARN_ENUM_CONVERSION = YES;
				CLANG_WARN_INFINITE_RECURSION = YES;
				CLANG_WARN_INT_CONVERSION = YES;
				CLANG_WARN_OBJC_ROOT_CLASS = YES_ERROR;
				CLANG_WARN_RANGE_LOOP_ANALYSIS = YES;
				CLANG_WARN_STRICT_PROTOTYPES = YES;
				CLANG_WARN_SUSPICIOUS_MOVE = YES;
				CLANG_WARN_UNGUARDED_AVAILABILITY = YES_AGGRESSIVE;
				CLANG_WARN_UNREACHABLE_CODE = YES;
				CLANG_WARN__DUPLICATE_METHOD_MATCH = YES;
				CODE_SIGN_IDENTITY = "iPhone Developer";
				COPY_PHASE_STRIP = NO;
				DEBUG_INFORMATION_FORMAT = "dwarf-with-dsym";
				ENABLE_NS_ASSERTIONS = NO;
				ENABLE_STRICT_OBJC_MSGSEND = YES;
				GCC_C_LANGUAGE_STANDARD = gnu11;
				GCC_NO_COMMON_BLOCKS = YES;
				GCC_WARN_64_TO_32_BIT_CONVERSION = YES;
				GCC_WARN_ABOUT_RETURN_TYPE = YES_ERROR;
				GCC_WARN_UNDECLARED_SELECTOR = YES;
				GCC_WARN_UNINITIALIZED_AUTOS = YES_AGGRESSIVE;
				GCC_WARN_UNUSED_FUNCTION = YES;
				GCC_WARN_UNUSED_VARIABLE = YES;
				IPHONEOS_DEPLOYMENT_TARGET = 11.0;
				MTL_ENABLE_DEBUG_INFO = NO;
				SDKROOT = iphoneos;
				SWIFT_OPTIMIZATION_LEVEL = "-Owholemodule";
				VALIDATE_PRODUCT = YES;
			};
			name = Release;
		};
		5E01FC5F1EED9ACC009DFE6C /* Debug */ = {
			isa = XCBuildConfiguration;
			buildSettings = {
				ASSETCATALOG_COMPILER_APPICON_NAME = AppIcon;
				DEVELOPMENT_TEAM = D9UCJ653YY;
				INFOPLIST_FILE = VisionAPISample/Info.plist;
				LD_RUNPATH_SEARCH_PATHS = "$(inherited) @executable_path/Frameworks";
				PRODUCT_BUNDLE_IDENTIFIER = net.kenmaz.VisionAPISample;
				PRODUCT_NAME = "$(TARGET_NAME)";
				SWIFT_VERSION = 4.0;
				TARGETED_DEVICE_FAMILY = "1,2";
			};
			name = Debug;
		};
		5E01FC601EED9ACC009DFE6C /* Release */ = {
			isa = XCBuildConfiguration;
			buildSettings = {
				ASSETCATALOG_COMPILER_APPICON_NAME = AppIcon;
				DEVELOPMENT_TEAM = D9UCJ653YY;
				INFOPLIST_FILE = VisionAPISample/Info.plist;
				LD_RUNPATH_SEARCH_PATHS = "$(inherited) @executable_path/Frameworks";
				PRODUCT_BUNDLE_IDENTIFIER = net.kenmaz.VisionAPISample;
				PRODUCT_NAME = "$(TARGET_NAME)";
				SWIFT_VERSION = 4.0;
				TARGETED_DEVICE_FAMILY = "1,2";
			};
			name = Release;
		};
/* End XCBuildConfiguration section */

/* Begin XCConfigurationList section */
		5E01FC471EED9ACC009DFE6C /* Build configuration list for PBXProject "VisionAPISample" */ = {
			isa = XCConfigurationList;
			buildConfigurations = (
				5E01FC5C1EED9ACC009DFE6C /* Debug */,
				5E01FC5D1EED9ACC009DFE6C /* Release */,
			);
			defaultConfigurationIsVisible = 0;
			defaultConfigurationName = Release;
		};
		5E01FC5E1EED9ACC009DFE6C /* Build configuration list for PBXNativeTarget "VisionAPISample" */ = {
			isa = XCConfigurationList;
			buildConfigurations = (
				5E01FC5F1EED9ACC009DFE6C /* Debug */,
				5E01FC601EED9ACC009DFE6C /* Release */,
			);
			defaultConfigurationIsVisible = 0;
		};
/* End XCConfigurationList section */
	};
	rootObject = 5E01FC441EED9ACC009DFE6C /* Project object */;
}
